{
    "_meta": {
        "hash": {
            "sha256": "7f7606f08e0544d8d012ef4d097dabdd6df6843a28793eb6551245d4b2db4242"
        },
        "pipfile-spec": 6,
        "requires": {
            "python_version": "3.8"
        },
        "sources": [
            {
                "name": "pypi",
                "url": "https://pypi.org/simple",
                "verify_ssl": true
            }
        ]
    },
    "default": {},
    "develop": {
        "pipenv": {
            "hashes": [
                "sha256:405dd08cdae7dd25e5a33bff3074ec6ea39d58e9cfbc0424f83d5db9712bd4bf",
                "sha256:4e7aae62dad7679ce81b54cc3451be19fb2c469e269335b36b14132fe5ceecb3"
            ],
            "markers": "python_version >= '3.6'",
            "version": "==2022.3.28"
        },
    }
}
